Microsoft Visual Studio Solution File, Format Version 12.00
# Visual Studio Version 17
VisualStudioVersion = 17.5.33502.453
MinimumVisualStudioVersion = 10.0.40219.1
Project("{FAE04EC0-301F-11D3-BF4B-00C04F79EFBC}") = "WinAudioPlugin", "WinAudioPlugin\WinAudioPlugin.csproj", "{A7BBA488-4582-42E9-8B71-911D1E59FFF2}"
EndProject
Project("{FAE04EC0-301F-11D3-BF4B-00C04F79EFBC}") = "WinAudioTest", "WinAudioTest\WinAudioTest.csproj", "{36EB5B68-161A-4ABB-B0B9-DE01CBF160D3}"
EndProject
Global
	GlobalSection(SolutionConfigurationPlatforms) = preSolution
		Debug|Any CPU = Debug|Any CPU
		Release|Any CPU = Release|Any CPU
	EndGlobalSection
	GlobalSection(ProjectConfigurationPlatforms) = postSolution
		{A7BBA488-4582-42E9-8B71-911D1E59FFF2}.Debug|Any CPU.ActiveCfg = Debug|Any CPU
		{A7BBA488-4582-42E9-8B71-911D1E59FFF2}.Debug|Any CPU.Build.0 = Debug|Any CPU
		{A7BBA488-4582-42E9-8B71-911D1E59FFF2}.Release|Any CPU.ActiveCfg = Release|Any CPU
		{A7BBA488-4582-42E9-8B71-911D1E59FFF2}.Release|Any CPU.Build.0 = Release|Any CPU
		{36EB5B68-161A-4ABB-B0B9-DE01CBF160D3}.Debug|Any CPU.ActiveCfg = Debug|Any CPU
		{36EB5B68-161A-4ABB-B0B9-DE01CBF160D3}.Debug|Any CPU.Build.0 = Debug|Any CPU
		{36EB5B68-161A-4ABB-B0B9-DE01CBF160D3}.Release|Any CPU.ActiveCfg = Release|Any CPU
		{36EB5B68-161A-4ABB-B0B9-DE01CBF160D3}.Release|Any CPU.Build.0 = Release|Any CPU
	EndGlobalSection
	GlobalSection(SolutionProperties) = preSolution
		HideSolutionNode = FALSE
	EndGlobalSection
	GlobalSection(ExtensibilityGlobals) = postSolution
		SolutionGuid = {BDC4C9BC-0D53-4336-8FF1-FB7CFCABE5A5}
	EndGlobalSection
EndGlobal
